
Microsoft Visual Studio Solution File, Format Version 12.00
# Visual Studio Version 17
VisualStudioVersion = 17.6.33815.320
MinimumVisualStudioVersion = 10.0.40219.1
Project("{9A19103F-16F7-4668-BE54-9A1E7A4F7556}") = "BattletechModInfo.Library", "BattletechModInfoLibrary\BattletechModInfo.Library.csproj", "{3E3DA5E4-5874-4A50-B247-63C82C9B42E9}"
EndProject
Project("{9A19103F-16F7-4668-BE54-9A1E7A4F7556}") = "BattletechModInfoLibrary.Tests", "BattletechModInfoLibrary.Tests\BattletechModInfoLibrary.Tests.csproj", "{16F3F20D-40A8-4614-99BF-6907AD40DE2B}"
EndProject
Project("{9A19103F-16F7-4668-BE54-9A1E7A4F7556}") = "BattletechModInfo.UI.WPF", "BattletechModInfo.UI.WPF\BattletechModInfo.UI.WPF.csproj", "{7597E4A6-C065-4C8D-96CF-2C8802E6618F}"
EndProject
Project("{9A19103F-16F7-4668-BE54-9A1E7A4F7556}") = "BattletechModInfo.Library.SpecFlow", "BattletechModInfoLibrary.SpecFlow\BattletechModInfo.Library.SpecFlow.csproj", "{5C3E6F68-6006-4CB1-9165-6AB8F7B72A3B}"
EndProject
Project("{9A19103F-16F7-4668-BE54-9A1E7A4F7556}") = "SpecFlowCalculator", "Calculator\SpecFlowCalculator.csproj", "{3EC72945-3E27-4BCB-8BA9-CC156CA9A16D}"
EndProject
Project("{9A19103F-16F7-4668-BE54-9A1E7A4F7556}") = "Caclulator.Specs", "SpecFlowCaclulator.Specs\Caclulator.Specs.csproj", "{838B9AFB-67B0-4C7F-A3B3-68FBB5413B9A}"
EndProject
Global
	GlobalSection(SolutionConfigurationPlatforms) = preSolution
		Debug|Any CPU = Debug|Any CPU
		Release|Any CPU = Release|Any CPU
	EndGlobalSection
	GlobalSection(ProjectConfigurationPlatforms) = postSolution
		{3E3DA5E4-5874-4A50-B247-63C82C9B42E9}.Debug|Any CPU.ActiveCfg = Debug|Any CPU
		{3E3DA5E4-5874-4A50-B247-63C82C9B42E9}.Debug|Any CPU.Build.0 = Debug|Any CPU
		{3E3DA5E4-5874-4A50-B247-63C82C9B42E9}.Release|Any CPU.ActiveCfg = Release|Any CPU
		{3E3DA5E4-5874-4A50-B247-63C82C9B42E9}.Release|Any CPU.Build.0 = Release|Any CPU
		{16F3F20D-40A8-4614-99BF-6907AD40DE2B}.Debug|Any CPU.ActiveCfg = Debug|Any CPU
		{16F3F20D-40A8-4614-99BF-6907AD40DE2B}.Debug|Any CPU.Build.0 = Debug|Any CPU
		{16F3F20D-40A8-4614-99BF-6907AD40DE2B}.Release|Any CPU.ActiveCfg = Release|Any CPU
		{16F3F20D-40A8-4614-99BF-6907AD40DE2B}.Release|Any CPU.Build.0 = Release|Any CPU
		{7597E4A6-C065-4C8D-96CF-2C8802E6618F}.Debug|Any CPU.ActiveCfg = Debug|Any CPU
		{7597E4A6-C065-4C8D-96CF-2C8802E6618F}.Debug|Any CPU.Build.0 = Debug|Any CPU
		{7597E4A6-C065-4C8D-96CF-2C8802E6618F}.Release|Any CPU.ActiveCfg = Release|Any CPU
		{7597E4A6-C065-4C8D-96CF-2C8802E6618F}.Release|Any CPU.Build.0 = Release|Any CPU
		{5C3E6F68-6006-4CB1-9165-6AB8F7B72A3B}.Debug|Any CPU.ActiveCfg = Debug|Any CPU
		{5C3E6F68-6006-4CB1-9165-6AB8F7B72A3B}.Debug|Any CPU.Build.0 = Debug|Any CPU
		{5C3E6F68-6006-4CB1-9165-6AB8F7B72A3B}.Release|Any CPU.ActiveCfg = Release|Any CPU
		{5C3E6F68-6006-4CB1-9165-6AB8F7B72A3B}.Release|Any CPU.Build.0 = Release|Any CPU
		{3EC72945-3E27-4BCB-8BA9-CC156CA9A16D}.Debug|Any CPU.ActiveCfg = Debug|Any CPU
		{3EC72945-3E27-4BCB-8BA9-CC156CA9A16D}.Debug|Any CPU.Build.0 = Debug|Any CPU
		{3EC72945-3E27-4BCB-8BA9-CC156CA9A16D}.Release|Any CPU.ActiveCfg = Release|Any CPU
		{3EC72945-3E27-4BCB-8BA9-CC156CA9A16D}.Release|Any CPU.Build.0 = Release|Any CPU
		{838B9AFB-67B0-4C7F-A3B3-68FBB5413B9A}.Debug|Any CPU.ActiveCfg = Debug|Any CPU
		{838B9AFB-67B0-4C7F-A3B3-68FBB5413B9A}.Debug|Any CPU.Build.0 = Debug|Any CPU
		{838B9AFB-67B0-4C7F-A3B3-68FBB5413B9A}.Release|Any CPU.ActiveCfg = Release|Any CPU
		{838B9AFB-67B0-4C7F-A3B3-68FBB5413B9A}.Release|Any CPU.Build.0 = Release|Any CPU
	EndGlobalSection
	GlobalSection(SolutionProperties) = preSolution
		HideSolutionNode = FALSE
	EndGlobalSection
	GlobalSection(ExtensibilityGlobals) = postSolution
		SolutionGuid = {32482F38-EF06-4533-A847-83B8F823E750}
	EndGlobalSection
EndGlobal
